
Microsoft Visual Studio Solution File, Format Version 12.00
Project("{FAE04EC0-301F-11D3-BF4B-00C04F79EFBC}") = "ReflectionFizzBuzz", "ReflectionFizzBuzz\ReflectionFizzBuzz.csproj", "{EE33248D-AA71-4D03-B497-F78C19FEC6E6}"
EndProject
Project("{2150E333-8FDC-42A3-9474-1A3956D46DE8}") = "src", "src", "{DCA0A11E-3866-4E76-B469-C183F260CD47}"
EndProject
Project("{2150E333-8FDC-42A3-9474-1A3956D46DE8}") = "test", "test", "{52531A45-F6E8-406C-BA3E-C783B868B3F8}"
EndProject
Project("{FAE04EC0-301F-11D3-BF4B-00C04F79EFBC}") = "ReflectionFizzBuzz.Tests", "ReflectionFizzBuzz.Tests\ReflectionFizzBuzz.Tests.csproj", "{6188A3F7-CC76-4198-A9E6-D3834C8865A2}"
EndProject
Global
	GlobalSection(SolutionConfigurationPlatforms) = preSolution
		Debug|Any CPU = Debug|Any CPU
		Release|Any CPU = Release|Any CPU
	EndGlobalSection
	GlobalSection(ProjectConfigurationPlatforms) = postSolution
		{EE33248D-AA71-4D03-B497-F78C19FEC6E6}.Debug|Any CPU.ActiveCfg = Debug|Any CPU
		{EE33248D-AA71-4D03-B497-F78C19FEC6E6}.Debug|Any CPU.Build.0 = Debug|Any CPU
		{EE33248D-AA71-4D03-B497-F78C19FEC6E6}.Release|Any CPU.ActiveCfg = Release|Any CPU
		{EE33248D-AA71-4D03-B497-F78C19FEC6E6}.Release|Any CPU.Build.0 = Release|Any CPU
		{6188A3F7-CC76-4198-A9E6-D3834C8865A2}.Debug|Any CPU.ActiveCfg = Debug|Any CPU
		{6188A3F7-CC76-4198-A9E6-D3834C8865A2}.Debug|Any CPU.Build.0 = Debug|Any CPU
		{6188A3F7-CC76-4198-A9E6-D3834C8865A2}.Release|Any CPU.ActiveCfg = Release|Any CPU
		{6188A3F7-CC76-4198-A9E6-D3834C8865A2}.Release|Any CPU.Build.0 = Release|Any CPU
	EndGlobalSection
	GlobalSection(NestedProjects) = preSolution
		{EE33248D-AA71-4D03-B497-F78C19FEC6E6} = {DCA0A11E-3866-4E76-B469-C183F260CD47}
		{6188A3F7-CC76-4198-A9E6-D3834C8865A2} = {52531A45-F6E8-406C-BA3E-C783B868B3F8}
	EndGlobalSection
EndGlobal
